
Microsoft Visual Studio Solution File, Format Version 12.00
# Visual Studio Version 16
VisualStudioVersion = 16.0.30114.105
MinimumVisualStudioVersion = 10.0.40219.1
Project("{FAE04EC0-301F-11D3-BF4B-00C04F79EFBC}") = "ReverseProxy", "ReverseProxy\ReverseProxy.csproj", "{2C239FA3-39F9-4FA5-848F-000634F16278}"
EndProject
Project("{FAE04EC0-301F-11D3-BF4B-00C04F79EFBC}") = "TokenService", "TokenService\TokenService.csproj", "{2BB6E824-E28F-49AA-98D7-6E47EAF08A8A}"
EndProject
Project("{FAE04EC0-301F-11D3-BF4B-00C04F79EFBC}") = "VoiceClient", "VoiceClient\VoiceClient.csproj", "{8BB45593-BB77-4189-9E77-9319C1D29AC4}"
EndProject
Project("{FAE04EC0-301F-11D3-BF4B-00C04F79EFBC}") = "WebhookService", "WebhookService\WebhookService.csproj", "{30281196-4840-4607-8C45-57DC4E0775B8}"
EndProject
Global
	GlobalSection(SolutionConfigurationPlatforms) = preSolution
		Debug|Any CPU = Debug|Any CPU
		Release|Any CPU = Release|Any CPU
	EndGlobalSection
	GlobalSection(SolutionProperties) = preSolution
		HideSolutionNode = FALSE
	EndGlobalSection
	GlobalSection(ProjectConfigurationPlatforms) = postSolution
		{2C239FA3-39F9-4FA5-848F-000634F16278}.Debug|Any CPU.ActiveCfg = Debug|Any CPU
		{2C239FA3-39F9-4FA5-848F-000634F16278}.Debug|Any CPU.Build.0 = Debug|Any CPU
		{2C239FA3-39F9-4FA5-848F-000634F16278}.Release|Any CPU.ActiveCfg = Release|Any CPU
		{2C239FA3-39F9-4FA5-848F-000634F16278}.Release|Any CPU.Build.0 = Release|Any CPU
		{2BB6E824-E28F-49AA-98D7-6E47EAF08A8A}.Debug|Any CPU.ActiveCfg = Debug|Any CPU
		{2BB6E824-E28F-49AA-98D7-6E47EAF08A8A}.Debug|Any CPU.Build.0 = Debug|Any CPU
		{2BB6E824-E28F-49AA-98D7-6E47EAF08A8A}.Release|Any CPU.ActiveCfg = Release|Any CPU
		{2BB6E824-E28F-49AA-98D7-6E47EAF08A8A}.Release|Any CPU.Build.0 = Release|Any CPU
		{8BB45593-BB77-4189-9E77-9319C1D29AC4}.Debug|Any CPU.ActiveCfg = Debug|Any CPU
		{8BB45593-BB77-4189-9E77-9319C1D29AC4}.Debug|Any CPU.Build.0 = Debug|Any CPU
		{8BB45593-BB77-4189-9E77-9319C1D29AC4}.Release|Any CPU.ActiveCfg = Release|Any CPU
		{8BB45593-BB77-4189-9E77-9319C1D29AC4}.Release|Any CPU.Build.0 = Release|Any CPU
		{30281196-4840-4607-8C45-57DC4E0775B8}.Debug|Any CPU.ActiveCfg = Debug|Any CPU
		{30281196-4840-4607-8C45-57DC4E0775B8}.Debug|Any CPU.Build.0 = Debug|Any CPU
		{30281196-4840-4607-8C45-57DC4E0775B8}.Release|Any CPU.ActiveCfg = Release|Any CPU
		{30281196-4840-4607-8C45-57DC4E0775B8}.Release|Any CPU.Build.0 = Release|Any CPU
	EndGlobalSection
EndGlobal
